// !$*UTF8*$!
{
	archiveVersion = 1;
	classes = {
	};
	objectVersion = 50;
	objects = {

/* Begin PBXBuildFile section */
		845EEC5B24D27B7200DA79B6 /* OCTest.m in Sources */ = {isa = PBXBuildFile; fileRef = 845EEC5A24D27B7200DA79B6 /* OCTest.m */; };
		845F965524C16FB400987D4E /* AppDelegate.swift in Sources */ = {isa = PBXBuildFile; fileRef = 845F965424C16FB400987D4E /* AppDelegate.swift */; };
		845F965724C16FB400987D4E /* SceneDelegate.swift in Sources */ = {isa = PBXBuildFile; fileRef = 845F965624C16FB400987D4E /* SceneDelegate.swift */; };
		845F965924C16FB400987D4E /* ViewController.swift in Sources */ = {isa = PBXBuildFile; fileRef = 845F965824C16FB400987D4E /* ViewController.swift */; };
		845F965C24C16FB400987D4E /* Main.storyboard in Resources */ = {isa = PBXBuildFile; fileRef = 845F965A24C16FB400987D4E /* Main.storyboard */; };
		845F965E24C16FB900987D4E /* Assets.xcassets in Resources */ = {isa = PBXBuildFile; fileRef = 845F965D24C16FB900987D4E /* Assets.xcassets */; };
		845F966124C16FB900987D4E /* LaunchScreen.storyboard in Resources */ = {isa = PBXBuildFile; fileRef = 845F965F24C16FB900987D4E /* LaunchScreen.storyboard */; };
		845F966924C16FFA00987D4E /* ThreadTest.swift in Sources */ = {isa = PBXBuildFile; fileRef = 845F966824C16FFA00987D4E /* ThreadTest.swift */; };
		84BC15C424C977AC00C808F5 /* test.c in Sources */ = {isa = PBXBuildFile; fileRef = 84BC15C324C977AC00C808F5 /* test.c */; };
/* End PBXBuildFile section */

/* Begin PBXFileReference section */
		845EEC5924D27B7200DA79B6 /* OCTest.h */ = {isa = PBXFileReference; lastKnownFileType = sourcecode.c.h; path = OCTest.h; sourceTree = "<group>"; };
		845EEC5A24D27B7200DA79B6 /* OCTest.m */ = {isa = PBXFileReference; lastKnownFileType = sourcecode.c.objc; path = OCTest.m; sourceTree = "<group>"; };
		845F965124C16FB400987D4E /* ZHThreadsDemo.app */ = {isa = PBXFileReference; explicitFileType = wrapper.application; includeInIndex = 0; path = ZHThreadsDemo.app; sourceTree = BUILT_PRODUCTS_DIR; };
		845F965424C16FB400987D4E /* AppDelegate.swift */ = {isa = PBXFileReference; lastKnownFileType = sourcecode.swift; path = AppDelegate.swift; sourceTree = "<group>"; };
		845F965624C16FB400987D4E /* SceneDelegate.swift */ = {isa = PBXFileReference; lastKnownFileType = sourcecode.swift; path = SceneDelegate.swift; sourceTree = "<group>"; };
		845F965824C16FB400987D4E /* ViewController.swift */ = {isa = PBXFileReference; lastKnownFileType = sourcecode.swift; path = ViewController.swift; sourceTree = "<group>"; };
		845F965B24C16FB400987D4E /* Base */ = {isa = PBXFileReference; lastKnownFileType = file.storyboard; name = Base; path = Base.lproj/Main.storyboard; sourceTree = "<group>"; };
		845F965D24C16FB900987D4E /* Assets.xcassets */ = {isa = PBXFileReference; lastKnownFileType = folder.assetcatalog; path = Assets.xcassets; sourceTree = "<group>"; };
		845F966024C16FB900987D4E /* Base */ = {isa = PBXFileReference; lastKnownFileType = file.storyboard; name = Base; path = Base.lproj/LaunchScreen.storyboard; sourceTree = "<group>"; };
		845F966224C16FB900987D4E /* Info.plist */ = {isa = PBXFileReference; lastKnownFileType = text.plist.xml; path = Info.plist; sourceTree = "<group>"; };
		845F966824C16FFA00987D4E /* ThreadTest.swift */ = {isa = PBXFileReference; lastKnownFileType = sourcecode.swift; path = ThreadTest.swift; sourceTree = "<group>"; };
		84BC15C124C977AB00C808F5 /* test-Bridging-Header.h */ = {isa = PBXFileReference; lastKnownFileType = sourcecode.c.h; path = "test-Bridging-Header.h"; sourceTree = "<group>"; };
		84BC15C224C977AC00C808F5 /* test.h */ = {isa = PBXFileReference; lastKnownFileType = sourcecode.c.h; path = test.h; sourceTree = "<group>"; };
		84BC15C324C977AC00C808F5 /* test.c */ = {isa = PBXFileReference; lastKnownFileType = sourcecode.c.c; path = test.c; sourceTree = "<group>"; };
/* End PBXFileReference section */

/* Begin PBXFrameworksBuildPhase section */
		845F964E24C16FB400987D4E /* Frameworks */ = {
			isa = PBXFrameworksBuildPhase;
			buildActionMask = 2147483647;
			files = (
			);
			runOnlyForDeploymentPostprocessing = 0;
		};
/* End PBXFrameworksBuildPhase section */

/* Begin PBXGroup section */
		845F964824C16FB400987D4E = {
			isa = PBXGroup;
			children = (
				845F965324C16FB400987D4E /* test */,
				845F965224C16FB400987D4E /* Products */,
			);
			sourceTree = "<group>";
		};
		845F965224C16FB400987D4E /* Products */ = {
			isa = PBXGroup;
			children = (
				845F965124C16FB400987D4E /* ZHThreadsDemo.app */,
			);
			name = Products;
			sourceTree = "<group>";
		};
		845F965324C16FB400987D4E /* test */ = {
			isa = PBXGroup;
			children = (
				845F965424C16FB400987D4E /* AppDelegate.swift */,
				845F965624C16FB400987D4E /* SceneDelegate.swift */,
				845F966824C16FFA00987D4E /* ThreadTest.swift */,
				845F965824C16FB400987D4E /* ViewController.swift */,
				845F965A24C16FB400987D4E /* Main.storyboard */,
				845F965D24C16FB900987D4E /* Assets.xcassets */,
				845F965F24C16FB900987D4E /* LaunchScreen.storyboard */,
				845F966224C16FB900987D4E /* Info.plist */,
				84BC15C224C977AC00C808F5 /* test.h */,
				84BC15C324C977AC00C808F5 /* test.c */,
				84BC15C124C977AB00C808F5 /* test-Bridging-Header.h */,
				845EEC5924D27B7200DA79B6 /* OCTest.h */,
				845EEC5A24D27B7200DA79B6 /* OCTest.m */,
			);
			path = test;
			sourceTree = "<group>";
		};
/* End PBXGroup section */

/* Begin PBXNativeTarget section */
		845F965024C16FB400987D4E /* ZHThreadsDemo */ = {
			isa = PBXNativeTarget;
			buildConfigurationList = 845F966524C16FB900987D4E /* Build configuration list for PBXNativeTarget "ZHThreadsDemo" */;
			buildPhases = (
				845F964D24C16FB400987D4E /* Sources */,
				845F964E24C16FB400987D4E /* Frameworks */,
				845F964F24C16FB400987D4E /* Resources */,
			);
			buildRules = (
			);
			dependencies = (
			);
			name = ZHThreadsDemo;
			productName = test;
			productReference = 845F965124C16FB400987D4E /* ZHThreadsDemo.app */;
			productType = "com.apple.product-type.application";
		};
/* End PBXNativeTarget section */

/* Begin PBXProject section */
		845F964924C16FB400987D4E /* Project object */ = {
			isa = PBXProject;
			attributes = {
				LastSwiftUpdateCheck = 1150;
				LastUpgradeCheck = 1150;
				ORGANIZATIONNAME = mengdong;
				TargetAttributes = {
					845F965024C16FB400987D4E = {
						CreatedOnToolsVersion = 11.5;
						LastSwiftMigration = 1150;
					};
				};
			};
			buildConfigurationList = 845F964C24C16FB400987D4E /* Build configuration list for PBXProject "ZHThreadsDemo" */;
			compatibilityVersion = "Xcode 9.3";
			developmentRegion = en;
			hasScannedForEncodings = 0;
			knownRegions = (
				en,
				Base,
			);
			mainGroup = 845F964824C16FB400987D4E;
			productRefGroup = 845F965224C16FB400987D4E /* Products */;
			projectDirPath = "";
			projectRoot = "";
			targets = (
				845F965024C16FB400987D4E /* ZHThreadsDemo */,
			);
		};
/* End PBXProject section */

/* Begin PBXResourcesBuildPhase section */
		845F964F24C16FB400987D4E /* Resources */ = {
			isa = PBXResourcesBuildPhase;
			buildActionMask = 2147483647;
			files = (
				845F966124C16FB900987D4E /* LaunchScreen.storyboard in Resources */,
				845F965E24C16FB900987D4E /* Assets.xcassets in Resources */,
				845F965C24C16FB400987D4E /* Main.storyboard in Resources */,
			);
			runOnlyForDeploymentPostprocessing = 0;
		};
/* End PBXResourcesBuildPhase section */

/* Begin PBXSourcesBuildPhase section */
		845F964D24C16FB400987D4E /* Sources */ = {
			isa = PBXSourcesBuildPhase;
			buildActionMask = 2147483647;
			files = (
				84BC15C424C977AC00C808F5 /* test.c in Sources */,
				845EEC5B24D27B7200DA79B6 /* OCTest.m in Sources */,
				845F965924C16FB400987D4E /* ViewController.swift in Sources */,
				845F966924C16FFA00987D4E /* ThreadTest.swift in Sources */,
				845F965524C16FB400987D4E /* AppDelegate.swift in Sources */,
				845F965724C16FB400987D4E /* SceneDelegate.swift in Sources */,
			);
			runOnlyForDeploymentPostprocessing = 0;
		};
/* End PBXSourcesBuildPhase section */

/* Begin PBXVariantGroup section */
		845F965A24C16FB400987D4E /* Main.storyboard */ = {
			isa = PBXVariantGroup;
			children = (
				845F965B24C16FB400987D4E /* Base */,
			);
			name = Main.storyboard;
			sourceTree = "<group>";
		};
		845F965F24C16FB900987D4E /* LaunchScreen.storyboard */ = {
			isa = PBXVariantGroup;
			children = (
				845F966024C16FB900987D4E /* Base */,
			);
			name = LaunchScreen.storyboard;
			sourceTree = "<group>";
		};
/* End PBXVariantGroup section */

/* Begin XCBuildConfiguration section */
		845F966324C16FB900987D4E /* Debug */ = {
			isa = XCBuildConfiguration;
			buildSettings = {
				ALWAYS_SEARCH_USER_PATHS = NO;
				CLANG_ANALYZER_NONNULL = YES;
				CLANG_ANALYZER_NUMBER_OBJECT_CONVERSION = YES_AGGRESSIVE;
				CLANG_CXX_LANGUAGE_STANDARD = "gnu++14";
				CLANG_CXX_LIBRARY = "libc++";
				CLANG_ENABLE_MODULES = YES;
				CLANG_ENABLE_OBJC_ARC = YES;
				CLANG_ENABLE_OBJC_WEAK = YES;
				CLANG_WARN_BLOCK_CAPTURE_AUTORELEASING = YES;
				CLANG_WARN_BOOL_CONVERSION = YES;
				CLANG_WARN_COMMA = YES;
				CLANG_WARN_CONSTANT_CONVERSION = YES;
				CLANG_WARN_DEPRECATED_OBJC_IMPLEMENTATIONS = YES;
				CLANG_WARN_DIRECT_OBJC_ISA_USAGE = YES_ERROR;
				CLANG_WARN_DOCUMENTATION_COMMENTS = YES;
				CLANG_WARN_EMPTY_BODY = YES;
				CLANG_WARN_ENUM_CONVERSION = YES;
				CLANG_WARN_INFINITE_RECURSION = YES;
				CLANG_WARN_INT_CONVERSION = YES;
				CLANG_WARN_NON_LITERAL_NULL_CONVERSION = YES;
				CLANG_WARN_OBJC_IMPLICIT_RETAIN_SELF = YES;
				CLANG_WARN_OBJC_LITERAL_CONVERSION = YES;
				CLANG_WARN_OBJC_ROOT_CLASS = YES_ERROR;
				CLANG_WARN_RANGE_LOOP_ANALYSIS = YES;
				CLANG_WARN_STRICT_PROTOTYPES = YES;
				CLANG_WARN_SUSPICIOUS_MOVE = YES;
				CLANG_WARN_UNGUARDED_AVAILABILITY = YES_AGGRESSIVE;
				CLANG_WARN_UNREACHABLE_CODE = YES;
				CLANG_WARN__DUPLICATE_METHOD_MATCH = YES;
				COPY_PHASE_STRIP = NO;
				DEBUG_INFORMATION_FORMAT = dwarf;
				ENABLE_STRICT_OBJC_MSGSEND = YES;
				ENABLE_TESTABILITY = YES;
				GCC_C_LANGUAGE_STANDARD = gnu11;
				GCC_DYNAMIC_NO_PIC = NO;
				GCC_NO_COMMON_BLOCKS = YES;
				GCC_OPTIMIZATION_LEVEL = 0;
				GCC_PREPROCESSOR_DEFINITIONS = (
					"DEBUG=1",
					"$(inherited)",
				);
				GCC_WARN_64_TO_32_BIT_CONVERSION = YES;
				GCC_WARN_ABOUT_RETURN_TYPE = YES_ERROR;
				GCC_WARN_UNDECLARED_SELECTOR = YES;
				GCC_WARN_UNINITIALIZED_AUTOS = YES_AGGRESSIVE;
				GCC_WARN_UNUSED_FUNCTION = YES;
				GCC_WARN_UNUSED_VARIABLE = YES;
				IPHONEOS_DEPLOYMENT_TARGET = 13.5;
				MTL_ENABLE_DEBUG_INFO = INCLUDE_SOURCE;
				MTL_FAST_MATH = YES;
				ONLY_ACTIVE_ARCH = YES;
				SDKROOT = iphoneos;
				SWIFT_ACTIVE_COMPILATION_CONDITIONS = DEBUG;
				SWIFT_OPTIMIZATION_LEVEL = "-Onone";
			};
			name = Debug;
		};
		845F966424C16FB900987D4E /* Release */ = {
			isa = XCBuildConfiguration;
			buildSettings = {
				ALWAYS_SEARCH_USER_PATHS = NO;
				CLANG_ANALYZER_NONNULL = YES;
				CLANG_ANALYZER_NUMBER_OBJECT_CONVERSION = YES_AGGRESSIVE;
				CLANG_CXX_LANGUAGE_STANDARD = "gnu++14";
				CLANG_CXX_LIBRARY = "libc++";
				CLANG_ENABLE_MODULES = YES;
				CLANG_ENABLE_OBJC_ARC = YES;
				CLANG_ENABLE_OBJC_WEAK = YES;
				CLANG_WARN_BLOCK_CAPTURE_AUTORELEASING = YES;
				CLANG_WARN_BOOL_CONVERSION = YES;
				CLANG_WARN_COMMA = YES;
				CLANG_WARN_CONSTANT_CONVERSION = YES;
				CLANG_WARN_DEPRECATED_OBJC_IMPLEMENTATIONS = YES;
				CLANG_WARN_DIRECT_OBJC_ISA_USAGE = YES_ERROR;
				CLANG_WARN_DOCUMENTATION_COMMENTS = YES;
				CLANG_WARN_EMPTY_BODY = YES;
				CLANG_WARN_ENUM_CONVERSION = YES;
				CLANG_WARN_INFINITE_RECURSION = YES;
				CLANG_WARN_INT_CONVERSION = YES;
				CLANG_WARN_NON_LITERAL_NULL_CONVERSION = YES;
				CLANG_WARN_OBJC_IMPLICIT_RETAIN_SELF = YES;
				CLANG_WARN_OBJC_LITERAL_CONVERSION = YES;
				CLANG_WARN_OBJC_ROOT_CLASS = YES_ERROR;
				CLANG_WARN_RANGE_LOOP_ANALYSIS = YES;
				CLANG_WARN_STRICT_PROTOTYPES = YES;
				CLANG_WARN_SUSPICIOUS_MOVE = YES;
				CLANG_WARN_UNGUARDED_AVAILABILITY = YES_AGGRESSIVE;
				CLANG_WARN_UNREACHABLE_CODE = YES;
				CLANG_WARN__DUPLICATE_METHOD_MATCH = YES;
				COPY_PHASE_STRIP = NO;
				DEBUG_INFORMATION_FORMAT = "dwarf-with-dsym";
				ENABLE_NS_ASSERTIONS = NO;
				ENABLE_STRICT_OBJC_MSGSEND = YES;
				GCC_C_LANGUAGE_STANDARD = gnu11;
				GCC_NO_COMMON_BLOCKS = YES;
				GCC_WARN_64_TO_32_BIT_CONVERSION = YES;
				GCC_WARN_ABOUT_RETURN_TYPE = YES_ERROR;
				GCC_WARN_UNDECLARED_SELECTOR = YES;
				GCC_WARN_UNINITIALIZED_AUTOS = YES_AGGRESSIVE;
				GCC_WARN_UNUSED_FUNCTION = YES;
				GCC_WARN_UNUSED_VARIABLE = YES;
				IPHONEOS_DEPLOYMENT_TARGET = 13.5;
				MTL_ENABLE_DEBUG_INFO = NO;
				MTL_FAST_MATH = YES;
				SDKROOT = iphoneos;
				SWIFT_COMPILATION_MODE = wholemodule;
				SWIFT_OPTIMIZATION_LEVEL = "-O";
				VALIDATE_PRODUCT = YES;
			};
			name = Release;
		};
		845F966624C16FB900987D4E /* Debug */ = {
			isa = XCBuildConfiguration;
			buildSettings = {
				ASSETCATALOG_COMPILER_APPICON_NAME = AppIcon;
				CLANG_ENABLE_MODULES = YES;
				CODE_SIGN_STYLE = Automatic;
				DEVELOPMENT_TEAM = SS65L357P2;
				INFOPLIST_FILE = test/Info.plist;
				IPHONEOS_DEPLOYMENT_TARGET = 13.0;
				LD_RUNPATH_SEARCH_PATHS = (
					"$(inherited)",
					"@executable_path/Frameworks",
				);
				PRODUCT_BUNDLE_IDENTIFIER = com.zhihan.test;
				PRODUCT_NAME = "$(TARGET_NAME)";
				SWIFT_OBJC_BRIDGING_HEADER = "test/test-Bridging-Header.h";
				SWIFT_OPTIMIZATION_LEVEL = "-Onone";
				SWIFT_VERSION = 5.0;
				TARGETED_DEVICE_FAMILY = "1,2";
			};
			name = Debug;
		};
		845F966724C16FB900987D4E /* Release */ = {
			isa = XCBuildConfiguration;
			buildSettings = {
				ASSETCATALOG_COMPILER_APPICON_NAME = AppIcon;
				CLANG_ENABLE_MODULES = YES;
				CODE_SIGN_STYLE = Automatic;
				DEVELOPMENT_TEAM = SS65L357P2;
				INFOPLIST_FILE = test/Info.plist;
				IPHONEOS_DEPLOYMENT_TARGET = 13.0;
				LD_RUNPATH_SEARCH_PATHS = (
					"$(inherited)",
					"@executable_path/Frameworks",
				);
				PRODUCT_BUNDLE_IDENTIFIER = com.zhihan.test;
				PRODUCT_NAME = "$(TARGET_NAME)";
				SWIFT_OBJC_BRIDGING_HEADER = "test/test-Bridging-Header.h";
				SWIFT_VERSION = 5.0;
				TARGETED_DEVICE_FAMILY = "1,2";
			};
			name = Release;
		};
/* End XCBuildConfiguration section */

/* Begin XCConfigurationList section */
		845F964C24C16FB400987D4E /* Build configuration list for PBXProject "ZHThreadsDemo" */ = {
			isa = XCConfigurationList;
			buildConfigurations = (
				845F966324C16FB900987D4E /* Debug */,
				845F966424C16FB900987D4E /* Release */,
			);
			defaultConfigurationIsVisible = 0;
			defaultConfigurationName = Release;
		};
		845F966524C16FB900987D4E /* Build configuration list for PBXNativeTarget "ZHThreadsDemo" */ = {
			isa = XCConfigurationList;
			buildConfigurations = (
				845F966624C16FB900987D4E /* Debug */,
				845F966724C16FB900987D4E /* Release */,
			);
			defaultConfigurationIsVisible = 0;
			defaultConfigurationName = Release;
		};
/* End XCConfigurationList section */
	};
	rootObject = 845F964924C16FB400987D4E /* Project object */;
}
